
Microsoft Visual Studio Solution File, Format Version 12.00
# Visual Studio Version 17
VisualStudioVersion = 17.13.35931.197 d17.13
MinimumVisualStudioVersion = 10.0.40219.1
Project("{FAE04EC0-301F-11D3-BF4B-00C04F79EFBC}") = "Presentation", "Presentation\Presentation.csproj", "{6CE8392E-D529-4776-914E-07C9C652F077}"
EndProject
Project("{FAE04EC0-301F-11D3-BF4B-00C04F79EFBC}") = "Business", "Business\Business.csproj", "{9F5F6F50-F857-4B39-A511-A4708E2580E8}"
EndProject
Project("{FAE04EC0-301F-11D3-BF4B-00C04F79EFBC}") = "Data", "Data\Data.csproj", "{EDA4D015-4F93-42B2-B6D8-F91F54F84E58}"
EndProject
Global
	GlobalSection(SolutionConfigurationPlatforms) = preSolution
		Debug|Any CPU = Debug|Any CPU
		Release|Any CPU = Release|Any CPU
	EndGlobalSection
	GlobalSection(ProjectConfigurationPlatforms) = postSolution
		{6CE8392E-D529-4776-914E-07C9C652F077}.Debug|Any CPU.ActiveCfg = Debug|Any CPU
		{6CE8392E-D529-4776-914E-07C9C652F077}.Debug|Any CPU.Build.0 = Debug|Any CPU
		{6CE8392E-D529-4776-914E-07C9C652F077}.Release|Any CPU.ActiveCfg = Release|Any CPU
		{6CE8392E-D529-4776-914E-07C9C652F077}.Release|Any CPU.Build.0 = Release|Any CPU
		{9F5F6F50-F857-4B39-A511-A4708E2580E8}.Debug|Any CPU.ActiveCfg = Debug|Any CPU
		{9F5F6F50-F857-4B39-A511-A4708E2580E8}.Debug|Any CPU.Build.0 = Debug|Any CPU
		{9F5F6F50-F857-4B39-A511-A4708E2580E8}.Release|Any CPU.ActiveCfg = Release|Any CPU
		{9F5F6F50-F857-4B39-A511-A4708E2580E8}.Release|Any CPU.Build.0 = Release|Any CPU
		{EDA4D015-4F93-42B2-B6D8-F91F54F84E58}.Debug|Any CPU.ActiveCfg = Debug|Any CPU
		{EDA4D015-4F93-42B2-B6D8-F91F54F84E58}.Debug|Any CPU.Build.0 = Debug|Any CPU
		{EDA4D015-4F93-42B2-B6D8-F91F54F84E58}.Release|Any CPU.ActiveCfg = Release|Any CPU
		{EDA4D015-4F93-42B2-B6D8-F91F54F84E58}.Release|Any CPU.Build.0 = Release|Any CPU
	EndGlobalSection
	GlobalSection(SolutionProperties) = preSolution
		HideSolutionNode = FALSE
	EndGlobalSection
	GlobalSection(ExtensibilityGlobals) = postSolution
		SolutionGuid = {ADDA628B-3A04-4C4C-81D7-3D4F61BCF356}
	EndGlobalSection
EndGlobal
